
Microsoft Visual Studio Solution File, Format Version 12.00
# Visual Studio 15
VisualStudioVersion = 15.0.28010.2046
MinimumVisualStudioVersion = 10.0.40219.1
Project("{FAE04EC0-301F-11D3-BF4B-00C04F79EFBC}") = "H004", "H004\H004.csproj", "{DEE357C8-7ED7-4A75-A966-0AA4FF590B8B}"
EndProject
Global
	GlobalSection(SolutionConfigurationPlatforms) = preSolution
		Debug|Any CPU = Debug|Any CPU
		Release|Any CPU = Release|Any CPU
	EndGlobalSection
	GlobalSection(ProjectConfigurationPlatforms) = postSolution
		{DEE357C8-7ED7-4A75-A966-0AA4FF590B8B}.Debug|Any CPU.ActiveCfg = Debug|Any CPU
		{DEE357C8-7ED7-4A75-A966-0AA4FF590B8B}.Debug|Any CPU.Build.0 = Debug|Any CPU
		{DEE357C8-7ED7-4A75-A966-0AA4FF590B8B}.Release|Any CPU.ActiveCfg = Release|Any CPU
		{DEE357C8-7ED7-4A75-A966-0AA4FF590B8B}.Release|Any CPU.Build.0 = Release|Any CPU
	EndGlobalSection
	GlobalSection(SolutionProperties) = preSolution
		HideSolutionNode = FALSE
	EndGlobalSection
	GlobalSection(ExtensibilityGlobals) = postSolution
		SolutionGuid = {183CC0F5-3F4C-4F84-B940-994035D6EC93}
	EndGlobalSection
EndGlobal
