
Microsoft Visual Studio Solution File, Format Version 12.00
# Visual Studio 15
VisualStudioVersion = 15.0.28010.2036
MinimumVisualStudioVersion = 10.0.40219.1
Project("{FAE04EC0-301F-11D3-BF4B-00C04F79EFBC}") = "h003", "h003\h003.csproj", "{DF7AD68C-9AAC-4854-9D9C-323400990535}"
EndProject
Global
	GlobalSection(SolutionConfigurationPlatforms) = preSolution
		Debug|Any CPU = Debug|Any CPU
		Release|Any CPU = Release|Any CPU
	EndGlobalSection
	GlobalSection(ProjectConfigurationPlatforms) = postSolution
		{DF7AD68C-9AAC-4854-9D9C-323400990535}.Debug|Any CPU.ActiveCfg = Debug|Any CPU
		{DF7AD68C-9AAC-4854-9D9C-323400990535}.Debug|Any CPU.Build.0 = Debug|Any CPU
		{DF7AD68C-9AAC-4854-9D9C-323400990535}.Release|Any CPU.ActiveCfg = Release|Any CPU
		{DF7AD68C-9AAC-4854-9D9C-323400990535}.Release|Any CPU.Build.0 = Release|Any CPU
	EndGlobalSection
	GlobalSection(SolutionProperties) = preSolution
		HideSolutionNode = FALSE
	EndGlobalSection
	GlobalSection(ExtensibilityGlobals) = postSolution
		SolutionGuid = {06DF4DB6-65A4-4787-932D-C254FCAB6270}
	EndGlobalSection
EndGlobal
